
Microsoft Visual Studio Solution File, Format Version 12.00
# Visual Studio Version 16
VisualStudioVersion = 16.0.30104.148
MinimumVisualStudioVersion = 10.0.40219.1
Project("{FAE04EC0-301F-11D3-BF4B-00C04F79EFBC}") = "CreditCompanyApplicationTests", "CreditCompanyApplicationTests\CreditCompanyApplicationTests.csproj", "{0CE60432-F772-4021-927C-095E77C58E66}"
EndProject
Project("{FAE04EC0-301F-11D3-BF4B-00C04F79EFBC}") = "CreditCompanyApplication", "CreditCompanyApplication\CreditCompanyApplication.csproj", "{6D27F625-0EBD-427A-B7B4-33CDCF23BFCE}"
EndProject
Global
	GlobalSection(SolutionConfigurationPlatforms) = preSolution
		Debug|Any CPU = Debug|Any CPU
		Release|Any CPU = Release|Any CPU
	EndGlobalSection
	GlobalSection(ProjectConfigurationPlatforms) = postSolution
		{0CE60432-F772-4021-927C-095E77C58E66}.Debug|Any CPU.ActiveCfg = Debug|Any CPU
		{0CE60432-F772-4021-927C-095E77C58E66}.Debug|Any CPU.Build.0 = Debug|Any CPU
		{0CE60432-F772-4021-927C-095E77C58E66}.Release|Any CPU.ActiveCfg = Release|Any CPU
		{0CE60432-F772-4021-927C-095E77C58E66}.Release|Any CPU.Build.0 = Release|Any CPU
		{6D27F625-0EBD-427A-B7B4-33CDCF23BFCE}.Debug|Any CPU.ActiveCfg = Debug|Any CPU
		{6D27F625-0EBD-427A-B7B4-33CDCF23BFCE}.Debug|Any CPU.Build.0 = Debug|Any CPU
		{6D27F625-0EBD-427A-B7B4-33CDCF23BFCE}.Release|Any CPU.ActiveCfg = Release|Any CPU
		{6D27F625-0EBD-427A-B7B4-33CDCF23BFCE}.Release|Any CPU.Build.0 = Release|Any CPU
	EndGlobalSection
	GlobalSection(SolutionProperties) = preSolution
		HideSolutionNode = FALSE
	EndGlobalSection
	GlobalSection(ExtensibilityGlobals) = postSolution
		SolutionGuid = {43C6A72B-59A8-4CE1-9FF3-16C535BC4EBF}
	EndGlobalSection
EndGlobal
